<?xml version="1.0" encoding="utf-8"?>
<Project ToolsVersion="4.0" xmlns="http://schemas.microsoft.com/developer/msbuild/2003">
  <ItemGroup>
    <Filter Include="Source Files">
      <UniqueIdentifier>{4FC737F1-C7A5-4376-A066-2A32D752A2FF}</UniqueIdentifier>
      <Extensions>cpp;c;cc;cxx;def;odl;idl;hpj;bat;asm;asmx</Extensions>
    </Filter>
    <Filter Include="Header Files">
      <UniqueIdentifier>{93995380-89BD-4b04-88EB-625FBE52EBFB}</UniqueIdentifier>
      <Extensions>h;hh;hpp;hxx;hm;inl;inc;xsd</Extensions>
    </Filter>
    <Filter Include="Resource Files">
      <UniqueIdentifier>{67DA6AB6-F800-4c08-8B7A-83BB121AAD01}</UniqueIdentifier>
      <Extensions>rc;ico;cur;bmp;dlg;rc2;rct;bin;rgs;gif;jpg;jpeg;jpe;resx;tiff;tif;png;wav</Extensions>
    </Filter>
  </ItemGroup>
  <ItemGroup>
    <ClCompile Include="src\base64.cpp">
      <Filter>Source Files</Filter>
    </ClCompile>
    <ClCompile Include="src\connection.cpp">
      <Filter>Source Files</Filter>
    </ClCompile>
    <ClCompile Include="src\packet_manager.cpp">
      <Filter>Source Files</Filter>
    </ClCompile>
    <ClCompile Include="src\rc4_crypto.cpp">
      <Filter>Source Files</Filter>
    </ClCompile>
    <ClCompile Include="src\rts_send_data.cpp">
      <Filter>Source Files</Filter>
    </ClCompile>
    <ClCompile Include="src\rts_send_signal.cpp">
      <Filter>Source Files</Filter>
    </ClCompile>
    <ClCompile Include="src\serverfetcher.cpp">
      <Filter>Source Files</Filter>
    </ClCompile>
    <ClCompile Include="src\user.cpp">
      <Filter>Source Files</Filter>
    </ClCompile>
    <ClCompile Include="src\user_c.cpp">
      <Filter>Source Files</Filter>
    </ClCompile>
    <ClCompile Include="src\utils.cpp">
      <Filter>Source Files</Filter>
    </ClCompile>
    <ClCompile Include="src\control_message.pb.cc">
      <Filter>Source Files</Filter>
    </ClCompile>
    <ClCompile Include="src\ims_push_service.pb.cc">
      <Filter>Source Files</Filter>
    </ClCompile>
    <ClCompile Include="src\mimc.pb.cc">
      <Filter>Source Files</Filter>
    </ClCompile>
    <ClCompile Include="src\rts_data.pb.cc">
      <Filter>Source Files</Filter>
    </ClCompile>
    <ClCompile Include="src\rts_signal.pb.cc">
      <Filter>Source Files</Filter>
    </ClCompile>
    <ClCompile Include="src\adler32.c">
      <Filter>Source Files</Filter>
    </ClCompile>
  </ItemGroup>
  <ItemGroup>
    <None Include="src\mimc-cpp-sdk.properties" />
  </ItemGroup>
  <ItemGroup>
    <ClInclude Include="include\crypto\base64.h">
      <Filter>Header Files</Filter>
    </ClInclude>
    <ClInclude Include="include\crypto\common.h">
      <Filter>Header Files</Filter>
    </ClInclude>
    <ClInclude Include="include\crypto\rc4_crypto.h">
      <Filter>Header Files</Filter>
    </ClInclude>
    <ClInclude Include="include\mimc\connection.h">
      <Filter>Header Files</Filter>
    </ClInclude>
    <ClInclude Include="include\mimc\constant.h">
      <Filter>Header Files</Filter>
    </ClInclude>
    <ClInclude Include="include\mimc\control_message.pb.h">
      <Filter>Header Files</Filter>
    </ClInclude>
    <ClInclude Include="include\mimc\error.h">
      <Filter>Header Files</Filter>
    </ClInclude>
    <ClInclude Include="include\mimc\ims_push_service.pb.h">
      <Filter>Header Files</Filter>
    </ClInclude>
    <ClInclude Include="include\mimc\launchedresponse.h">
      <Filter>Header Files</Filter>
    </ClInclude>
    <ClInclude Include="include\mimc\message_handler.h">
      <Filter>Header Files</Filter>
    </ClInclude>
    <ClInclude Include="include\mimc\mimc.pb.h">
      <Filter>Header Files</Filter>
    </ClInclude>
    <ClInclude Include="include\mimc\mimcmessage.h">
      <Filter>Header Files</Filter>
    </ClInclude>
    <ClInclude Include="include\mimc\onlinestatus_handler.h">
      <Filter>Header Files</Filter>
    </ClInclude>
    <ClInclude Include="include\mimc\p2p_chatsession.h">
      <Filter>Header Files</Filter>
    </ClInclude>
    <ClInclude Include="include\mimc\packet_manager.h">
      <Filter>Header Files</Filter>
    </ClInclude>
    <ClInclude Include="include\mimc\rts_callevent_handler.h">
      <Filter>Header Files</Filter>
    </ClInclude>
    <ClInclude Include="include\mimc\rts_connection_handler.h">
      <Filter>Header Files</Filter>
    </ClInclude>
    <ClInclude Include="include\mimc\rts_connection_info.h">
      <Filter>Header Files</Filter>
    </ClInclude>
    <ClInclude Include="include\mimc\rts_context.h">
      <Filter>Header Files</Filter>
    </ClInclude>
    <ClInclude Include="include\mimc\rts_data.pb.h">
      <Filter>Header Files</Filter>
    </ClInclude>
    <ClInclude Include="include\mimc\rts_send_data.h">
      <Filter>Header Files</Filter>
    </ClInclude>
    <ClInclude Include="include\mimc\rts_send_signal.h">
      <Filter>Header Files</Filter>
    </ClInclude>
    <ClInclude Include="include\mimc\rts_signal.pb.h">
      <Filter>Header Files</Filter>
    </ClInclude>
    <ClInclude Include="include\mimc\rts_stream_config.h">
      <Filter>Header Files</Filter>
    </ClInclude>
    <ClInclude Include="include\mimc\rts_stream_handler.h">
      <Filter>Header Files</Filter>
    </ClInclude>
    <ClInclude Include="include\mimc\serverfetcher.h">
      <Filter>Header Files</Filter>
    </ClInclude>
    <ClInclude Include="include\mimc\threadsafe_queue.h">
      <Filter>Header Files</Filter>
    </ClInclude>
    <ClInclude Include="include\mimc\tokenfetcher.h">
      <Filter>Header Files</Filter>
    </ClInclude>
    <ClInclude Include="include\mimc\user.h">
      <Filter>Header Files</Filter>
    </ClInclude>
    <ClInclude Include="include\mimc\user_c.h">
      <Filter>Header Files</Filter>
    </ClInclude>
    <ClInclude Include="include\mimc\utils.h">
      <Filter>Header Files</Filter>
    </ClInclude>
    <ClInclude Include="include\zlib\zconf.h">
      <Filter>Header Files</Filter>
    </ClInclude>
    <ClInclude Include="include\zlib\zlib.h">
      <Filter>Header Files</Filter>
    </ClInclude>
    <ClInclude Include="include\zlib\zutil.h">
      <Filter>Header Files</Filter>
    </ClInclude>
    <ClInclude Include="pthreads-win\pre-built.2\include\pthread.h">
      <Filter>Header Files</Filter>
    </ClInclude>
    <ClInclude Include="pthreads-win\pre-built.2\include\sched.h">
      <Filter>Header Files</Filter>
    </ClInclude>
    <ClInclude Include="pthreads-win\pre-built.2\include\semaphore.h">
      <Filter>Header Files</Filter>
    </ClInclude>
    <ClInclude Include="include\mimc\p2p_callsession.h">
      <Filter>Header Files</Filter>
    </ClInclude>
    <ClInclude Include="include\mimc\mimc_group_message.h">
      <Filter>Header Files</Filter>
    </ClInclude>
  </ItemGroup>
</Project>